
Microsoft Visual Studio Solution File, Format Version 12.00
# Visual Studio Version 17
VisualStudioVersion = 17.5.002.0
MinimumVisualStudioVersion = 10.0.40219.1
Project("{9A19103F-16F7-4668-BE54-9A1E7A4F7556}") = "BasicConsoleApp", "BasicConsoleApp.csproj", "{69FDD25B-2E0D-4BCC-A71F-1996EA3719B5}"
EndProject
Global
	GlobalSection(SolutionConfigurationPlatforms) = preSolution
		Debug|Any CPU = Debug|Any CPU
		Release|Any CPU = Release|Any CPU
	EndGlobalSection
	GlobalSection(ProjectConfigurationPlatforms) = postSolution
		{69FDD25B-2E0D-4BCC-A71F-1996EA3719B5}.Debug|Any CPU.ActiveCfg = Debug|Any CPU
		{69FDD25B-2E0D-4BCC-A71F-1996EA3719B5}.Debug|Any CPU.Build.0 = Debug|Any CPU
		{69FDD25B-2E0D-4BCC-A71F-1996EA3719B5}.Release|Any CPU.ActiveCfg = Release|Any CPU
		{69FDD25B-2E0D-4BCC-A71F-1996EA3719B5}.Release|Any CPU.Build.0 = Release|Any CPU
	EndGlobalSection
	GlobalSection(SolutionProperties) = preSolution
		HideSolutionNode = FALSE
	EndGlobalSection
	GlobalSection(ExtensibilityGlobals) = postSolution
		SolutionGuid = {FA2BA855-02E7-4DDE-9F42-932D976C5C13}
	EndGlobalSection
EndGlobal
